{
  "name": "webpack",
  "version": "1.0.0",
  "lockfileVersion": 1,
  "requires": true,
  "dependencies": {
    "http-mockjs-sw": {
      "version": "0.0.4",
      "resolved": "https://registry.npmjs.org/http-mockjs-sw/-/http-mockjs-sw-0.0.4.tgz",
      "integrity": "sha512-x0g2If19duqX9FrF0tZODH80DSlglWwKfcalrZQRmBDaFFi7ADnh5mv58mkyvTpQvN+Q7Y6vfXfc6hzRu93vLg=="
    }
  }
}
