{
  "name": "http-server",
  "version": "1.0.0",
  "lockfileVersion": 1,
  "requires": true,
  "dependencies": {
    "http-mockjs-sw": {
      "version": "0.0.1",
      "resolved": "https://registry.npmjs.org/http-mockjs-sw/-/http-mockjs-sw-0.0.1.tgz",
      "integrity": "sha512-PUAF+UdminoqJl1ntB+fcMpMAoVdo5PMKDBEX/NF8AqHHzaigZwj2TkO1erx2KAJFc5YsKPZYG17qSPdA9gOBw=="
    }
  }
}
